
Microsoft Visual Studio Solution File, Format Version 12.00
# Visual Studio Version 16
VisualStudioVersion = 16.0.29201.188
MinimumVisualStudioVersion = 10.0.40219.1
Project("{9A19103F-16F7-4668-BE54-9A1E7A4F7556}") = "WebApplication3", "WebApplication3\WebApplication3.csproj", "{AD321D4C-252A-4255-8452-7862E0845B17}"
EndProject
Project("{9A19103F-16F7-4668-BE54-9A1E7A4F7556}") = "RazorClassLib1", "RazorClassLib1\RazorClassLib1.csproj", "{A7BA835D-B442-45E9-9011-CA4B4678BDB0}"
EndProject
Project("{2150E333-8FDC-42A3-9474-1A3956D46DE8}") = "Solution Items", "Solution Items", "{B9F4614B-84D0-4945-BEAE-C0FD78222A2D}"
	ProjectSection(SolutionItems) = preProject
		README.md = README.md
	EndProjectSection
EndProject
Global
	GlobalSection(SolutionConfigurationPlatforms) = preSolution
		Debug|Any CPU = Debug|Any CPU
		Release|Any CPU = Release|Any CPU
	EndGlobalSection
	GlobalSection(ProjectConfigurationPlatforms) = postSolution
		{AD321D4C-252A-4255-8452-7862E0845B17}.Debug|Any CPU.ActiveCfg = Debug|Any CPU
		{AD321D4C-252A-4255-8452-7862E0845B17}.Debug|Any CPU.Build.0 = Debug|Any CPU
		{AD321D4C-252A-4255-8452-7862E0845B17}.Release|Any CPU.ActiveCfg = Release|Any CPU
		{AD321D4C-252A-4255-8452-7862E0845B17}.Release|Any CPU.Build.0 = Release|Any CPU
		{A7BA835D-B442-45E9-9011-CA4B4678BDB0}.Debug|Any CPU.ActiveCfg = Debug|Any CPU
		{A7BA835D-B442-45E9-9011-CA4B4678BDB0}.Debug|Any CPU.Build.0 = Debug|Any CPU
		{A7BA835D-B442-45E9-9011-CA4B4678BDB0}.Release|Any CPU.ActiveCfg = Release|Any CPU
		{A7BA835D-B442-45E9-9011-CA4B4678BDB0}.Release|Any CPU.Build.0 = Release|Any CPU
	EndGlobalSection
	GlobalSection(SolutionProperties) = preSolution
		HideSolutionNode = FALSE
	EndGlobalSection
	GlobalSection(ExtensibilityGlobals) = postSolution
		SolutionGuid = {4B3D3FEF-2859-4CDF-B812-E32BDEA14C80}
	EndGlobalSection
EndGlobal
