
Microsoft Visual Studio Solution File, Format Version 12.00
# Visual Studio Version 16
VisualStudioVersion = 16.0.29201.188
MinimumVisualStudioVersion = 10.0.40219.1
Project("{9A19103F-16F7-4668-BE54-9A1E7A4F7556}") = "WebApplication3", "WebApplication3\WebApplication3.csproj", "{AD321D4C-252A-4255-8452-7862E0845B17}"
EndProject
Project("{9A19103F-16F7-4668-BE54-9A1E7A4F7556}") = "RazorClassLib1", "RazorClassLib1\RazorClassLib1.csproj", "{A7BA835D-B442-45E9-9011-CA4B4678BDB0}"
EndProject
Project("{2150E333-8FDC-42A3-9474-1A3956D46DE8}") = "Solution Items", "Solution Items", "{B9F4614B-84D0-4945-BEAE-C0FD78222A2D}"
	ProjectSection(SolutionItems) = preProject
		README.md = README.md
	EndProjectSection
EndProject
Project("{9A19103F-16F7-4668-BE54-9A1E7A4F7556}") = "WebApp1", "WebApp1\WebApp1.csproj", "{6881E41D-5D92-4002-B448-F53A860A1425}"
EndProject
Project("{9A19103F-16F7-4668-BE54-9A1E7A4F7556}") = "RazorClassLib2", "RazorClassLib2\RazorClassLib2.csproj", "{4C4A5B44-9A72-4026-B993-D3FB36271A43}"
EndProject
Project("{9A19103F-16F7-4668-BE54-9A1E7A4F7556}") = "BlazorApp1", "BlazorApp1\BlazorApp1.csproj", "{3CE6AFC0-D42B-4184-BADD-CF24B3E54E95}"
EndProject
Project("{9A19103F-16F7-4668-BE54-9A1E7A4F7556}") = "WebApp2", "WebApp2\WebApp2.csproj", "{AE3B2A30-FF8D-4D1E-8526-E0D17ABFB402}"
EndProject
Project("{9A19103F-16F7-4668-BE54-9A1E7A4F7556}") = "WebApp3RazorPages", "WebApp3RazorPages\WebApp3RazorPages.csproj", "{9EED7C1D-7BB9-472B-B6A6-59DF04CA8AB5}"
EndProject
Project("{2150E333-8FDC-42A3-9474-1A3956D46DE8}") = "Libs", "Libs", "{967E21B5-4683-465A-B4A7-85D2E3DD110A}"
EndProject
Project("{2150E333-8FDC-42A3-9474-1A3956D46DE8}") = "BlazorApps", "BlazorApps", "{D367E39B-42C3-4BF1-8B77-1DFA3577960F}"
EndProject
Project("{2150E333-8FDC-42A3-9474-1A3956D46DE8}") = "BlazorAssembly", "BlazorAssembly", "{4E5DDC67-6C60-46E3-9E8F-15AE76AE9EA3}"
EndProject
Project("{9A19103F-16F7-4668-BE54-9A1E7A4F7556}") = "BlazorWebAssembly3AuthCoreHost.Server", "BlazorWebAssembly3AuthCoreHost\Server\BlazorWebAssembly3AuthCoreHost.Server.csproj", "{C6D5149C-05CA-4903-9F34-B67ABA27430B}"
EndProject
Project("{9A19103F-16F7-4668-BE54-9A1E7A4F7556}") = "BlazorWebAssembly3AuthCoreHost.Client", "BlazorWebAssembly3AuthCoreHost\Client\BlazorWebAssembly3AuthCoreHost.Client.csproj", "{085DC9FC-764D-457C-9864-F5BE06005A6F}"
EndProject
Project("{9A19103F-16F7-4668-BE54-9A1E7A4F7556}") = "BlazorWebAssembly3AuthCoreHost.Shared", "BlazorWebAssembly3AuthCoreHost\Shared\BlazorWebAssembly3AuthCoreHost.Shared.csproj", "{B32DD4CC-A346-4442-A529-3200CFDEFF4F}"
EndProject
Project("{2150E333-8FDC-42A3-9474-1A3956D46DE8}") = "BlazorWebAssembly3AuthCoreHost", "BlazorWebAssembly3AuthCoreHost", "{E1CD3F64-8AFE-409A-9687-AC3FC00CC018}"
EndProject
Project("{9A19103F-16F7-4668-BE54-9A1E7A4F7556}") = "BlazorWebAssembply2PWA", "BlazorWebAssembply2PWA\BlazorWebAssembply2PWA.csproj", "{16785DDC-B805-4D8A-8ED5-BCD4D5426234}"
EndProject
Project("{9A19103F-16F7-4668-BE54-9A1E7A4F7556}") = "BlazorApp2", "BlazorApp2\BlazorApp2.csproj", "{8BBF85A1-BC51-4BF5-BA8C-77D8ADE975B0}"
EndProject
Project("{2150E333-8FDC-42A3-9474-1A3956D46DE8}") = "Net5", "Net5", "{50AB8A7E-134B-4F67-94F1-10B749C5D847}"
EndProject
Project("{9A19103F-16F7-4668-BE54-9A1E7A4F7556}") = "Net5WebApi", "Net5WebApi\Net5WebApi.csproj", "{F98E61E9-1954-4433-AE4C-5B16036B9C1A}"
EndProject
Project("{6EC3EE1D-3C4E-46DD-8F32-0CC8E7565705}") = "Net5WebApiFsharp", "Net5WebApiFsharp\Net5WebApiFsharp.fsproj", "{F2ACF586-FED7-4704-8ED6-743EFF38C168}"
EndProject
Project("{6EC3EE1D-3C4E-46DD-8F32-0CC8E7565705}") = "Net5FsharpWorker", "Net5FsharpWorker\Net5FsharpWorker.fsproj", "{E3A9F176-4248-4F49-BE4B-CCA5F827290B}"
EndProject
Project("{9A19103F-16F7-4668-BE54-9A1E7A4F7556}") = "Net5Worker", "Net5Worker\Net5Worker.csproj", "{DDFAB023-2B4B-43BE-A957-46E0144DE6A6}"
EndProject
Project("{9A19103F-16F7-4668-BE54-9A1E7A4F7556}") = "Net5BlazorServer", "Net5BlazorServer\Net5BlazorServer.csproj", "{A3D95E1E-1C24-434B-9811-C821B87D55FE}"
EndProject
Project("{9A19103F-16F7-4668-BE54-9A1E7A4F7556}") = "Net5BlazorClient", "Net5BlazorClient\Net5BlazorClient.csproj", "{4DE2E1AC-5890-408B-8308-9AA159557D2C}"
EndProject
Project("{2150E333-8FDC-42A3-9474-1A3956D46DE8}") = "Net5_BlazorClient", "Net5_BlazorClient", "{CCAE83FB-E625-481D-8C7A-8CAF0BC7344C}"
EndProject
Project("{9A19103F-16F7-4668-BE54-9A1E7A4F7556}") = "Net5BlazorClientCoreHost.Server", "Net5BlazorClientCoreHost\Server\Net5BlazorClientCoreHost.Server.csproj", "{44836DD5-21A7-43D6-8E86-159C68724B7E}"
EndProject
Project("{9A19103F-16F7-4668-BE54-9A1E7A4F7556}") = "Net5BlazorClientCoreHost.Client", "Net5BlazorClientCoreHost\Client\Net5BlazorClientCoreHost.Client.csproj", "{07BE9D6E-C059-498E-898F-6F602AA4F882}"
EndProject
Project("{9A19103F-16F7-4668-BE54-9A1E7A4F7556}") = "Net5BlazorClientCoreHost.Shared", "Net5BlazorClientCoreHost\Shared\Net5BlazorClientCoreHost.Shared.csproj", "{B1D31517-0CED-44EB-BCAE-6F0466C2AC5B}"
EndProject
Project("{FAE04EC0-301F-11D3-BF4B-00C04F79EFBC}") = "Net5WebApi.Cli", "Net5WebApi.Cli\Net5WebApi.Cli.csproj", "{0DD1C3D5-F5E2-42BD-97A0-3557FCAE151B}"
EndProject
Project("{2150E333-8FDC-42A3-9474-1A3956D46DE8}") = "Libs.External", "Libs.External", "{32DCD1EC-1386-46A1-AD2C-AB6542BD7FC1}"
EndProject
Project("{9A19103F-16F7-4668-BE54-9A1E7A4F7556}") = "CoreCmd", "..\..\..\..\rp\git\CoreCmd\CoreCmd\CoreCmd.csproj", "{C366DBB9-4D20-4927-A0F6-64998422B457}"
EndProject
Project("{FAE04EC0-301F-11D3-BF4B-00C04F79EFBC}") = "Net5WebApi.Messages", "Net5WebApi.Messages\Net5WebApi.Messages.csproj", "{C5816396-1DA7-47D0-8282-546DEE159396}"
EndProject
Project("{2150E333-8FDC-42A3-9474-1A3956D46DE8}") = "Net5WebApi", "Net5WebApi", "{950FF790-98FB-4283-B0A0-0A04D9F5561F}"
EndProject
Global
	GlobalSection(SolutionConfigurationPlatforms) = preSolution
		Debug|Any CPU = Debug|Any CPU
		Release|Any CPU = Release|Any CPU
	EndGlobalSection
	GlobalSection(ProjectConfigurationPlatforms) = postSolution
		{AD321D4C-252A-4255-8452-7862E0845B17}.Debug|Any CPU.ActiveCfg = Debug|Any CPU
		{AD321D4C-252A-4255-8452-7862E0845B17}.Debug|Any CPU.Build.0 = Debug|Any CPU
		{AD321D4C-252A-4255-8452-7862E0845B17}.Release|Any CPU.ActiveCfg = Release|Any CPU
		{AD321D4C-252A-4255-8452-7862E0845B17}.Release|Any CPU.Build.0 = Release|Any CPU
		{A7BA835D-B442-45E9-9011-CA4B4678BDB0}.Debug|Any CPU.ActiveCfg = Debug|Any CPU
		{A7BA835D-B442-45E9-9011-CA4B4678BDB0}.Debug|Any CPU.Build.0 = Debug|Any CPU
		{A7BA835D-B442-45E9-9011-CA4B4678BDB0}.Release|Any CPU.ActiveCfg = Release|Any CPU
		{A7BA835D-B442-45E9-9011-CA4B4678BDB0}.Release|Any CPU.Build.0 = Release|Any CPU
		{6881E41D-5D92-4002-B448-F53A860A1425}.Debug|Any CPU.ActiveCfg = Debug|Any CPU
		{6881E41D-5D92-4002-B448-F53A860A1425}.Debug|Any CPU.Build.0 = Debug|Any CPU
		{6881E41D-5D92-4002-B448-F53A860A1425}.Release|Any CPU.ActiveCfg = Release|Any CPU
		{6881E41D-5D92-4002-B448-F53A860A1425}.Release|Any CPU.Build.0 = Release|Any CPU
		{4C4A5B44-9A72-4026-B993-D3FB36271A43}.Debug|Any CPU.ActiveCfg = Debug|Any CPU
		{4C4A5B44-9A72-4026-B993-D3FB36271A43}.Debug|Any CPU.Build.0 = Debug|Any CPU
		{4C4A5B44-9A72-4026-B993-D3FB36271A43}.Release|Any CPU.ActiveCfg = Release|Any CPU
		{4C4A5B44-9A72-4026-B993-D3FB36271A43}.Release|Any CPU.Build.0 = Release|Any CPU
		{3CE6AFC0-D42B-4184-BADD-CF24B3E54E95}.Debug|Any CPU.ActiveCfg = Debug|Any CPU
		{3CE6AFC0-D42B-4184-BADD-CF24B3E54E95}.Debug|Any CPU.Build.0 = Debug|Any CPU
		{3CE6AFC0-D42B-4184-BADD-CF24B3E54E95}.Release|Any CPU.ActiveCfg = Release|Any CPU
		{3CE6AFC0-D42B-4184-BADD-CF24B3E54E95}.Release|Any CPU.Build.0 = Release|Any CPU
		{AE3B2A30-FF8D-4D1E-8526-E0D17ABFB402}.Debug|Any CPU.ActiveCfg = Debug|Any CPU
		{AE3B2A30-FF8D-4D1E-8526-E0D17ABFB402}.Debug|Any CPU.Build.0 = Debug|Any CPU
		{AE3B2A30-FF8D-4D1E-8526-E0D17ABFB402}.Release|Any CPU.ActiveCfg = Release|Any CPU
		{AE3B2A30-FF8D-4D1E-8526-E0D17ABFB402}.Release|Any CPU.Build.0 = Release|Any CPU
		{9EED7C1D-7BB9-472B-B6A6-59DF04CA8AB5}.Debug|Any CPU.ActiveCfg = Debug|Any CPU
		{9EED7C1D-7BB9-472B-B6A6-59DF04CA8AB5}.Debug|Any CPU.Build.0 = Debug|Any CPU
		{9EED7C1D-7BB9-472B-B6A6-59DF04CA8AB5}.Release|Any CPU.ActiveCfg = Release|Any CPU
		{9EED7C1D-7BB9-472B-B6A6-59DF04CA8AB5}.Release|Any CPU.Build.0 = Release|Any CPU
		{C6D5149C-05CA-4903-9F34-B67ABA27430B}.Debug|Any CPU.ActiveCfg = Debug|Any CPU
		{C6D5149C-05CA-4903-9F34-B67ABA27430B}.Debug|Any CPU.Build.0 = Debug|Any CPU
		{C6D5149C-05CA-4903-9F34-B67ABA27430B}.Release|Any CPU.ActiveCfg = Release|Any CPU
		{C6D5149C-05CA-4903-9F34-B67ABA27430B}.Release|Any CPU.Build.0 = Release|Any CPU
		{085DC9FC-764D-457C-9864-F5BE06005A6F}.Debug|Any CPU.ActiveCfg = Debug|Any CPU
		{085DC9FC-764D-457C-9864-F5BE06005A6F}.Debug|Any CPU.Build.0 = Debug|Any CPU
		{085DC9FC-764D-457C-9864-F5BE06005A6F}.Release|Any CPU.ActiveCfg = Release|Any CPU
		{085DC9FC-764D-457C-9864-F5BE06005A6F}.Release|Any CPU.Build.0 = Release|Any CPU
		{B32DD4CC-A346-4442-A529-3200CFDEFF4F}.Debug|Any CPU.ActiveCfg = Debug|Any CPU
		{B32DD4CC-A346-4442-A529-3200CFDEFF4F}.Debug|Any CPU.Build.0 = Debug|Any CPU
		{B32DD4CC-A346-4442-A529-3200CFDEFF4F}.Release|Any CPU.ActiveCfg = Release|Any CPU
		{B32DD4CC-A346-4442-A529-3200CFDEFF4F}.Release|Any CPU.Build.0 = Release|Any CPU
		{16785DDC-B805-4D8A-8ED5-BCD4D5426234}.Debug|Any CPU.ActiveCfg = Debug|Any CPU
		{16785DDC-B805-4D8A-8ED5-BCD4D5426234}.Debug|Any CPU.Build.0 = Debug|Any CPU
		{16785DDC-B805-4D8A-8ED5-BCD4D5426234}.Release|Any CPU.ActiveCfg = Release|Any CPU
		{16785DDC-B805-4D8A-8ED5-BCD4D5426234}.Release|Any CPU.Build.0 = Release|Any CPU
		{8BBF85A1-BC51-4BF5-BA8C-77D8ADE975B0}.Debug|Any CPU.ActiveCfg = Debug|Any CPU
		{8BBF85A1-BC51-4BF5-BA8C-77D8ADE975B0}.Debug|Any CPU.Build.0 = Debug|Any CPU
		{8BBF85A1-BC51-4BF5-BA8C-77D8ADE975B0}.Release|Any CPU.ActiveCfg = Release|Any CPU
		{8BBF85A1-BC51-4BF5-BA8C-77D8ADE975B0}.Release|Any CPU.Build.0 = Release|Any CPU
		{F98E61E9-1954-4433-AE4C-5B16036B9C1A}.Debug|Any CPU.ActiveCfg = Debug|Any CPU
		{F98E61E9-1954-4433-AE4C-5B16036B9C1A}.Debug|Any CPU.Build.0 = Debug|Any CPU
		{F98E61E9-1954-4433-AE4C-5B16036B9C1A}.Release|Any CPU.ActiveCfg = Release|Any CPU
		{F98E61E9-1954-4433-AE4C-5B16036B9C1A}.Release|Any CPU.Build.0 = Release|Any CPU
		{F2ACF586-FED7-4704-8ED6-743EFF38C168}.Debug|Any CPU.ActiveCfg = Debug|Any CPU
		{F2ACF586-FED7-4704-8ED6-743EFF38C168}.Debug|Any CPU.Build.0 = Debug|Any CPU
		{F2ACF586-FED7-4704-8ED6-743EFF38C168}.Release|Any CPU.ActiveCfg = Release|Any CPU
		{F2ACF586-FED7-4704-8ED6-743EFF38C168}.Release|Any CPU.Build.0 = Release|Any CPU
		{E3A9F176-4248-4F49-BE4B-CCA5F827290B}.Debug|Any CPU.ActiveCfg = Debug|Any CPU
		{E3A9F176-4248-4F49-BE4B-CCA5F827290B}.Debug|Any CPU.Build.0 = Debug|Any CPU
		{E3A9F176-4248-4F49-BE4B-CCA5F827290B}.Release|Any CPU.ActiveCfg = Release|Any CPU
		{E3A9F176-4248-4F49-BE4B-CCA5F827290B}.Release|Any CPU.Build.0 = Release|Any CPU
		{DDFAB023-2B4B-43BE-A957-46E0144DE6A6}.Debug|Any CPU.ActiveCfg = Debug|Any CPU
		{DDFAB023-2B4B-43BE-A957-46E0144DE6A6}.Debug|Any CPU.Build.0 = Debug|Any CPU
		{DDFAB023-2B4B-43BE-A957-46E0144DE6A6}.Release|Any CPU.ActiveCfg = Release|Any CPU
		{DDFAB023-2B4B-43BE-A957-46E0144DE6A6}.Release|Any CPU.Build.0 = Release|Any CPU
		{A3D95E1E-1C24-434B-9811-C821B87D55FE}.Debug|Any CPU.ActiveCfg = Debug|Any CPU
		{A3D95E1E-1C24-434B-9811-C821B87D55FE}.Debug|Any CPU.Build.0 = Debug|Any CPU
		{A3D95E1E-1C24-434B-9811-C821B87D55FE}.Release|Any CPU.ActiveCfg = Release|Any CPU
		{A3D95E1E-1C24-434B-9811-C821B87D55FE}.Release|Any CPU.Build.0 = Release|Any CPU
		{4DE2E1AC-5890-408B-8308-9AA159557D2C}.Debug|Any CPU.ActiveCfg = Debug|Any CPU
		{4DE2E1AC-5890-408B-8308-9AA159557D2C}.Debug|Any CPU.Build.0 = Debug|Any CPU
		{4DE2E1AC-5890-408B-8308-9AA159557D2C}.Release|Any CPU.ActiveCfg = Release|Any CPU
		{4DE2E1AC-5890-408B-8308-9AA159557D2C}.Release|Any CPU.Build.0 = Release|Any CPU
		{44836DD5-21A7-43D6-8E86-159C68724B7E}.Debug|Any CPU.ActiveCfg = Debug|Any CPU
		{44836DD5-21A7-43D6-8E86-159C68724B7E}.Debug|Any CPU.Build.0 = Debug|Any CPU
		{44836DD5-21A7-43D6-8E86-159C68724B7E}.Release|Any CPU.ActiveCfg = Release|Any CPU
		{44836DD5-21A7-43D6-8E86-159C68724B7E}.Release|Any CPU.Build.0 = Release|Any CPU
		{07BE9D6E-C059-498E-898F-6F602AA4F882}.Debug|Any CPU.ActiveCfg = Debug|Any CPU
		{07BE9D6E-C059-498E-898F-6F602AA4F882}.Debug|Any CPU.Build.0 = Debug|Any CPU
		{07BE9D6E-C059-498E-898F-6F602AA4F882}.Release|Any CPU.ActiveCfg = Release|Any CPU
		{07BE9D6E-C059-498E-898F-6F602AA4F882}.Release|Any CPU.Build.0 = Release|Any CPU
		{B1D31517-0CED-44EB-BCAE-6F0466C2AC5B}.Debug|Any CPU.ActiveCfg = Debug|Any CPU
		{B1D31517-0CED-44EB-BCAE-6F0466C2AC5B}.Debug|Any CPU.Build.0 = Debug|Any CPU
		{B1D31517-0CED-44EB-BCAE-6F0466C2AC5B}.Release|Any CPU.ActiveCfg = Release|Any CPU
		{B1D31517-0CED-44EB-BCAE-6F0466C2AC5B}.Release|Any CPU.Build.0 = Release|Any CPU
		{0DD1C3D5-F5E2-42BD-97A0-3557FCAE151B}.Debug|Any CPU.ActiveCfg = Debug|Any CPU
		{0DD1C3D5-F5E2-42BD-97A0-3557FCAE151B}.Debug|Any CPU.Build.0 = Debug|Any CPU
		{0DD1C3D5-F5E2-42BD-97A0-3557FCAE151B}.Release|Any CPU.ActiveCfg = Release|Any CPU
		{0DD1C3D5-F5E2-42BD-97A0-3557FCAE151B}.Release|Any CPU.Build.0 = Release|Any CPU
		{C366DBB9-4D20-4927-A0F6-64998422B457}.Debug|Any CPU.ActiveCfg = Debug|Any CPU
		{C366DBB9-4D20-4927-A0F6-64998422B457}.Debug|Any CPU.Build.0 = Debug|Any CPU
		{C366DBB9-4D20-4927-A0F6-64998422B457}.Release|Any CPU.ActiveCfg = Release|Any CPU
		{C366DBB9-4D20-4927-A0F6-64998422B457}.Release|Any CPU.Build.0 = Release|Any CPU
		{C5816396-1DA7-47D0-8282-546DEE159396}.Debug|Any CPU.ActiveCfg = Debug|Any CPU
		{C5816396-1DA7-47D0-8282-546DEE159396}.Debug|Any CPU.Build.0 = Debug|Any CPU
		{C5816396-1DA7-47D0-8282-546DEE159396}.Release|Any CPU.ActiveCfg = Release|Any CPU
		{C5816396-1DA7-47D0-8282-546DEE159396}.Release|Any CPU.Build.0 = Release|Any CPU
	EndGlobalSection
	GlobalSection(SolutionProperties) = preSolution
		HideSolutionNode = FALSE
	EndGlobalSection
	GlobalSection(NestedProjects) = preSolution
		{A7BA835D-B442-45E9-9011-CA4B4678BDB0} = {967E21B5-4683-465A-B4A7-85D2E3DD110A}
		{4C4A5B44-9A72-4026-B993-D3FB36271A43} = {967E21B5-4683-465A-B4A7-85D2E3DD110A}
		{3CE6AFC0-D42B-4184-BADD-CF24B3E54E95} = {D367E39B-42C3-4BF1-8B77-1DFA3577960F}
		{C6D5149C-05CA-4903-9F34-B67ABA27430B} = {E1CD3F64-8AFE-409A-9687-AC3FC00CC018}
		{085DC9FC-764D-457C-9864-F5BE06005A6F} = {E1CD3F64-8AFE-409A-9687-AC3FC00CC018}
		{B32DD4CC-A346-4442-A529-3200CFDEFF4F} = {E1CD3F64-8AFE-409A-9687-AC3FC00CC018}
		{E1CD3F64-8AFE-409A-9687-AC3FC00CC018} = {4E5DDC67-6C60-46E3-9E8F-15AE76AE9EA3}
		{16785DDC-B805-4D8A-8ED5-BCD4D5426234} = {4E5DDC67-6C60-46E3-9E8F-15AE76AE9EA3}
		{8BBF85A1-BC51-4BF5-BA8C-77D8ADE975B0} = {D367E39B-42C3-4BF1-8B77-1DFA3577960F}
		{F98E61E9-1954-4433-AE4C-5B16036B9C1A} = {950FF790-98FB-4283-B0A0-0A04D9F5561F}
		{F2ACF586-FED7-4704-8ED6-743EFF38C168} = {50AB8A7E-134B-4F67-94F1-10B749C5D847}
		{E3A9F176-4248-4F49-BE4B-CCA5F827290B} = {50AB8A7E-134B-4F67-94F1-10B749C5D847}
		{DDFAB023-2B4B-43BE-A957-46E0144DE6A6} = {50AB8A7E-134B-4F67-94F1-10B749C5D847}
		{A3D95E1E-1C24-434B-9811-C821B87D55FE} = {50AB8A7E-134B-4F67-94F1-10B749C5D847}
		{4DE2E1AC-5890-408B-8308-9AA159557D2C} = {50AB8A7E-134B-4F67-94F1-10B749C5D847}
		{44836DD5-21A7-43D6-8E86-159C68724B7E} = {CCAE83FB-E625-481D-8C7A-8CAF0BC7344C}
		{07BE9D6E-C059-498E-898F-6F602AA4F882} = {CCAE83FB-E625-481D-8C7A-8CAF0BC7344C}
		{B1D31517-0CED-44EB-BCAE-6F0466C2AC5B} = {CCAE83FB-E625-481D-8C7A-8CAF0BC7344C}
		{0DD1C3D5-F5E2-42BD-97A0-3557FCAE151B} = {950FF790-98FB-4283-B0A0-0A04D9F5561F}
		{C366DBB9-4D20-4927-A0F6-64998422B457} = {32DCD1EC-1386-46A1-AD2C-AB6542BD7FC1}
		{C5816396-1DA7-47D0-8282-546DEE159396} = {950FF790-98FB-4283-B0A0-0A04D9F5561F}
	EndGlobalSection
	GlobalSection(ExtensibilityGlobals) = postSolution
		SolutionGuid = {4B3D3FEF-2859-4CDF-B812-E32BDEA14C80}
	EndGlobalSection
EndGlobal
