
Microsoft Visual Studio Solution File, Format Version 12.00
# Visual Studio Version 16
VisualStudioVersion = 16.0.29201.188
MinimumVisualStudioVersion = 10.0.40219.1
Project("{9A19103F-16F7-4668-BE54-9A1E7A4F7556}") = "WebApplication3", "WebApplication3\WebApplication3.csproj", "{AD321D4C-252A-4255-8452-7862E0845B17}"
EndProject
Project("{9A19103F-16F7-4668-BE54-9A1E7A4F7556}") = "RazorClassLib1", "RazorClassLib1\RazorClassLib1.csproj", "{A7BA835D-B442-45E9-9011-CA4B4678BDB0}"
EndProject
Project("{2150E333-8FDC-42A3-9474-1A3956D46DE8}") = "Solution Items", "Solution Items", "{B9F4614B-84D0-4945-BEAE-C0FD78222A2D}"
	ProjectSection(SolutionItems) = preProject
		README.md = README.md
	EndProjectSection
EndProject
Project("{9A19103F-16F7-4668-BE54-9A1E7A4F7556}") = "WebApp1", "WebApp1\WebApp1.csproj", "{6881E41D-5D92-4002-B448-F53A860A1425}"
EndProject
Project("{9A19103F-16F7-4668-BE54-9A1E7A4F7556}") = "RazorClassLib2", "RazorClassLib2\RazorClassLib2.csproj", "{4C4A5B44-9A72-4026-B993-D3FB36271A43}"
EndProject
Project("{9A19103F-16F7-4668-BE54-9A1E7A4F7556}") = "BlazorApp1", "BlazorApp1\BlazorApp1.csproj", "{3CE6AFC0-D42B-4184-BADD-CF24B3E54E95}"
EndProject
Project("{9A19103F-16F7-4668-BE54-9A1E7A4F7556}") = "WebApp2", "WebApp2\WebApp2.csproj", "{AE3B2A30-FF8D-4D1E-8526-E0D17ABFB402}"
EndProject
Project("{9A19103F-16F7-4668-BE54-9A1E7A4F7556}") = "WebApp3RazorPages", "WebApp3RazorPages\WebApp3RazorPages.csproj", "{9EED7C1D-7BB9-472B-B6A6-59DF04CA8AB5}"
EndProject
Project("{2150E333-8FDC-42A3-9474-1A3956D46DE8}") = "Libs", "Libs", "{967E21B5-4683-465A-B4A7-85D2E3DD110A}"
EndProject
Project("{2150E333-8FDC-42A3-9474-1A3956D46DE8}") = "BlazorApps", "BlazorApps", "{D367E39B-42C3-4BF1-8B77-1DFA3577960F}"
EndProject
Project("{2150E333-8FDC-42A3-9474-1A3956D46DE8}") = "BlazorAssembly", "BlazorAssembly", "{4E5DDC67-6C60-46E3-9E8F-15AE76AE9EA3}"
EndProject
Project("{9A19103F-16F7-4668-BE54-9A1E7A4F7556}") = "BlazorWebAssembly3AuthCoreHost.Server", "BlazorWebAssembly3AuthCoreHost\Server\BlazorWebAssembly3AuthCoreHost.Server.csproj", "{C6D5149C-05CA-4903-9F34-B67ABA27430B}"
EndProject
Project("{9A19103F-16F7-4668-BE54-9A1E7A4F7556}") = "BlazorWebAssembly3AuthCoreHost.Client", "BlazorWebAssembly3AuthCoreHost\Client\BlazorWebAssembly3AuthCoreHost.Client.csproj", "{085DC9FC-764D-457C-9864-F5BE06005A6F}"
EndProject
Project("{9A19103F-16F7-4668-BE54-9A1E7A4F7556}") = "BlazorWebAssembly3AuthCoreHost.Shared", "BlazorWebAssembly3AuthCoreHost\Shared\BlazorWebAssembly3AuthCoreHost.Shared.csproj", "{B32DD4CC-A346-4442-A529-3200CFDEFF4F}"
EndProject
Project("{2150E333-8FDC-42A3-9474-1A3956D46DE8}") = "BlazorWebAssembly3AuthCoreHost", "BlazorWebAssembly3AuthCoreHost", "{E1CD3F64-8AFE-409A-9687-AC3FC00CC018}"
EndProject
Project("{FAE04EC0-301F-11D3-BF4B-00C04F79EFBC}") = "BlazorWebAssembply2PWA", "BlazorWebAssembply2PWA\BlazorWebAssembply2PWA.csproj", "{16785DDC-B805-4D8A-8ED5-BCD4D5426234}"
EndProject
Global
	GlobalSection(SolutionConfigurationPlatforms) = preSolution
		Debug|Any CPU = Debug|Any CPU
		Release|Any CPU = Release|Any CPU
	EndGlobalSection
	GlobalSection(ProjectConfigurationPlatforms) = postSolution
		{AD321D4C-252A-4255-8452-7862E0845B17}.Debug|Any CPU.ActiveCfg = Debug|Any CPU
		{AD321D4C-252A-4255-8452-7862E0845B17}.Debug|Any CPU.Build.0 = Debug|Any CPU
		{AD321D4C-252A-4255-8452-7862E0845B17}.Release|Any CPU.ActiveCfg = Release|Any CPU
		{AD321D4C-252A-4255-8452-7862E0845B17}.Release|Any CPU.Build.0 = Release|Any CPU
		{A7BA835D-B442-45E9-9011-CA4B4678BDB0}.Debug|Any CPU.ActiveCfg = Debug|Any CPU
		{A7BA835D-B442-45E9-9011-CA4B4678BDB0}.Debug|Any CPU.Build.0 = Debug|Any CPU
		{A7BA835D-B442-45E9-9011-CA4B4678BDB0}.Release|Any CPU.ActiveCfg = Release|Any CPU
		{A7BA835D-B442-45E9-9011-CA4B4678BDB0}.Release|Any CPU.Build.0 = Release|Any CPU
		{6881E41D-5D92-4002-B448-F53A860A1425}.Debug|Any CPU.ActiveCfg = Debug|Any CPU
		{6881E41D-5D92-4002-B448-F53A860A1425}.Debug|Any CPU.Build.0 = Debug|Any CPU
		{6881E41D-5D92-4002-B448-F53A860A1425}.Release|Any CPU.ActiveCfg = Release|Any CPU
		{6881E41D-5D92-4002-B448-F53A860A1425}.Release|Any CPU.Build.0 = Release|Any CPU
		{4C4A5B44-9A72-4026-B993-D3FB36271A43}.Debug|Any CPU.ActiveCfg = Debug|Any CPU
		{4C4A5B44-9A72-4026-B993-D3FB36271A43}.Debug|Any CPU.Build.0 = Debug|Any CPU
		{4C4A5B44-9A72-4026-B993-D3FB36271A43}.Release|Any CPU.ActiveCfg = Release|Any CPU
		{4C4A5B44-9A72-4026-B993-D3FB36271A43}.Release|Any CPU.Build.0 = Release|Any CPU
		{3CE6AFC0-D42B-4184-BADD-CF24B3E54E95}.Debug|Any CPU.ActiveCfg = Debug|Any CPU
		{3CE6AFC0-D42B-4184-BADD-CF24B3E54E95}.Debug|Any CPU.Build.0 = Debug|Any CPU
		{3CE6AFC0-D42B-4184-BADD-CF24B3E54E95}.Release|Any CPU.ActiveCfg = Release|Any CPU
		{3CE6AFC0-D42B-4184-BADD-CF24B3E54E95}.Release|Any CPU.Build.0 = Release|Any CPU
		{AE3B2A30-FF8D-4D1E-8526-E0D17ABFB402}.Debug|Any CPU.ActiveCfg = Debug|Any CPU
		{AE3B2A30-FF8D-4D1E-8526-E0D17ABFB402}.Debug|Any CPU.Build.0 = Debug|Any CPU
		{AE3B2A30-FF8D-4D1E-8526-E0D17ABFB402}.Release|Any CPU.ActiveCfg = Release|Any CPU
		{AE3B2A30-FF8D-4D1E-8526-E0D17ABFB402}.Release|Any CPU.Build.0 = Release|Any CPU
		{9EED7C1D-7BB9-472B-B6A6-59DF04CA8AB5}.Debug|Any CPU.ActiveCfg = Debug|Any CPU
		{9EED7C1D-7BB9-472B-B6A6-59DF04CA8AB5}.Debug|Any CPU.Build.0 = Debug|Any CPU
		{9EED7C1D-7BB9-472B-B6A6-59DF04CA8AB5}.Release|Any CPU.ActiveCfg = Release|Any CPU
		{9EED7C1D-7BB9-472B-B6A6-59DF04CA8AB5}.Release|Any CPU.Build.0 = Release|Any CPU
		{C6D5149C-05CA-4903-9F34-B67ABA27430B}.Debug|Any CPU.ActiveCfg = Debug|Any CPU
		{C6D5149C-05CA-4903-9F34-B67ABA27430B}.Debug|Any CPU.Build.0 = Debug|Any CPU
		{C6D5149C-05CA-4903-9F34-B67ABA27430B}.Release|Any CPU.ActiveCfg = Release|Any CPU
		{C6D5149C-05CA-4903-9F34-B67ABA27430B}.Release|Any CPU.Build.0 = Release|Any CPU
		{085DC9FC-764D-457C-9864-F5BE06005A6F}.Debug|Any CPU.ActiveCfg = Debug|Any CPU
		{085DC9FC-764D-457C-9864-F5BE06005A6F}.Debug|Any CPU.Build.0 = Debug|Any CPU
		{085DC9FC-764D-457C-9864-F5BE06005A6F}.Release|Any CPU.ActiveCfg = Release|Any CPU
		{085DC9FC-764D-457C-9864-F5BE06005A6F}.Release|Any CPU.Build.0 = Release|Any CPU
		{B32DD4CC-A346-4442-A529-3200CFDEFF4F}.Debug|Any CPU.ActiveCfg = Debug|Any CPU
		{B32DD4CC-A346-4442-A529-3200CFDEFF4F}.Debug|Any CPU.Build.0 = Debug|Any CPU
		{B32DD4CC-A346-4442-A529-3200CFDEFF4F}.Release|Any CPU.ActiveCfg = Release|Any CPU
		{B32DD4CC-A346-4442-A529-3200CFDEFF4F}.Release|Any CPU.Build.0 = Release|Any CPU
		{16785DDC-B805-4D8A-8ED5-BCD4D5426234}.Debug|Any CPU.ActiveCfg = Debug|Any CPU
		{16785DDC-B805-4D8A-8ED5-BCD4D5426234}.Debug|Any CPU.Build.0 = Debug|Any CPU
		{16785DDC-B805-4D8A-8ED5-BCD4D5426234}.Release|Any CPU.ActiveCfg = Release|Any CPU
		{16785DDC-B805-4D8A-8ED5-BCD4D5426234}.Release|Any CPU.Build.0 = Release|Any CPU
	EndGlobalSection
	GlobalSection(SolutionProperties) = preSolution
		HideSolutionNode = FALSE
	EndGlobalSection
	GlobalSection(NestedProjects) = preSolution
		{A7BA835D-B442-45E9-9011-CA4B4678BDB0} = {967E21B5-4683-465A-B4A7-85D2E3DD110A}
		{4C4A5B44-9A72-4026-B993-D3FB36271A43} = {967E21B5-4683-465A-B4A7-85D2E3DD110A}
		{3CE6AFC0-D42B-4184-BADD-CF24B3E54E95} = {D367E39B-42C3-4BF1-8B77-1DFA3577960F}
		{C6D5149C-05CA-4903-9F34-B67ABA27430B} = {E1CD3F64-8AFE-409A-9687-AC3FC00CC018}
		{085DC9FC-764D-457C-9864-F5BE06005A6F} = {E1CD3F64-8AFE-409A-9687-AC3FC00CC018}
		{B32DD4CC-A346-4442-A529-3200CFDEFF4F} = {E1CD3F64-8AFE-409A-9687-AC3FC00CC018}
		{E1CD3F64-8AFE-409A-9687-AC3FC00CC018} = {4E5DDC67-6C60-46E3-9E8F-15AE76AE9EA3}
		{16785DDC-B805-4D8A-8ED5-BCD4D5426234} = {4E5DDC67-6C60-46E3-9E8F-15AE76AE9EA3}
	EndGlobalSection
	GlobalSection(ExtensibilityGlobals) = postSolution
		SolutionGuid = {4B3D3FEF-2859-4CDF-B812-E32BDEA14C80}
	EndGlobalSection
EndGlobal
